hash: 65d899cda9518ab8d61b2b80ad71c441e8fe3606d9c316df535f70a3cbfd9edd
updated: 2018-05-17T03:37:46.785789+01:00
imports:
- name: github.com/btcsuite/btcutil
  version: 501929d3d046174c3d39f0ea54ece471aa17238c
  subpackages:
  - base58
  - base85
- name: github.com/c-bata/go-prompt
  version: 15992ed45e46edd6168d7c8bfda14b700f6b756a
- name: github.com/dustin/go-humanize
  version: 02af3965c54e8cacf948b97fef38925c4120652c
- name: github.com/ellcrys/go-libp2p-crypto
  version: 08bc4ca6778916abbeb103712423416289bb4c8d
- name: github.com/fatih/color
  version: 507f6050b8568533fb3f5504de8e5205fa62a114
- name: github.com/golang/protobuf
  version: b4deda0973fb4c70b50d226b1af49f3da59f5265
  subpackages:
  - proto
- name: github.com/jinzhu/configor
  version: ec34f328956f53dfbd06e9f5306e37e6943443c3
- name: github.com/libp2p/go-libp2p
  version: 3b8f2275a2b24de5777aaa4fc77f1af57c5c4387
- name: github.com/libp2p/go-libp2p-crypto
  version: 18915b5467c77ad8c07a35328c2cab468667a4e8
- name: github.com/libp2p/go-libp2p-host
  version: acf01b322989cf731f66ce70b1ed7c41fe007798
- name: github.com/libp2p/go-libp2p-net
  version: 70a8d93f2d8c33b5c1a5f6cc4d2aea21663a264c
- name: github.com/libp2p/go-libp2p-peer
  version: aa0e03e559bde9d4749ad8e38595e15a6fe808fa
- name: github.com/libp2p/go-libp2p-peerstore
  version: 7ac092e7f77f5bda1cb6e4ef95efbe911e97db41
- name: github.com/libp2p/go-libp2p-protocol
  version: b29f3d97e3a2fb8b29c5d04290e6cb5c5018004b
- name: github.com/mholt/archiver
  version: cdc68dd1f170b8dfc1a0d2231b5bb0967ed67006
- name: github.com/mitchellh/go-homedir
  version: b8bc1bf767474819792c23f32d8286a45736f1c6
- name: github.com/multiformats/go-multiaddr
  version: b90678896b52c3e5a4c8176805c6facc3fe3eb82
- name: github.com/multiformats/go-multicodec
  version: 4dd9766b3ba78ea1a9807f0cd199d6c383a7ae5f
  subpackages:
  - protobuf
- name: github.com/multiformats/go-multihash
  version: 265e72146e710ff649c6982e3699d01d4e9a18bb
- name: github.com/multiformats/go-multistream
  version: 612ce31c03aebe1d5adbd3c850ee89e05a82b16d
- name: github.com/onsi/ginkgo
  version: 6d8be987c536ebd84576a5a46208e7b7a3c796b0
  subpackages:
  - config
  - ginkgo/convert
  - ginkgo/interrupthandler
  - ginkgo/nodot
  - ginkgo/testrunner
  - ginkgo/testsuite
  - ginkgo/watch
  - internal/codelocation
  - internal/containernode
  - internal/failer
  - internal/leafnodes
  - internal/remote
  - internal/spec
  - internal/spec_iterator
  - internal/specrunner
  - internal/suite
  - internal/testingtproxy
  - internal/writer
  - reporters
  - reporters/stenographer
  - reporters/stenographer/support/go-colorable
  - reporters/stenographer/support/go-isatty
  - types
- name: github.com/onsi/gomega
  version: b7d1a52235cc433a76c556aa3f4229e63b95e7da
  subpackages:
  - '...'
  - format
  - gbytes
  - gstruct/errors
  - internal/assertion
  - internal/asyncassertion
  - internal/oraclematcher
  - internal/testingtsupport
  - matchers
  - matchers/support/goraph/bipartitegraph
  - matchers/support/goraph/edge
  - matchers/support/goraph/node
  - matchers/support/goraph/util
  - types
- name: github.com/opentracing/opentracing-go
  version: 6c572c00d1830223701e155de97408483dfcd14a
  subpackages:
  - ext
  - log
- name: github.com/satori/go.uuid
  version: 36e9d2ebbde5e3f13ab2e25625fd453271d6522e
- name: github.com/Sirupsen/logrus
  version: 778f2e774c725116edbc3d039dc0dfc1cc62aae8
- name: github.com/spaolacci/murmur3
  version: f09979ecbc725b9e6d41a297405f65e7e8804acc
- name: github.com/spf13/cobra
  version: a1f051bc3eba734da4772d60e2d677f47cf93ef4
- name: github.com/syndtr/goleveldb
  version: ae970a0732be3a1f5311da86118d37b9f4bd2a5a
  subpackages:
  - leveldb
  - leveldb/util
- name: github.com/thoas/go-funk
  version: 14304e8530de7dbb909c8305591b3a8370dd9dbb
- name: go.uber.org/zap
  version: eeedf312bc6c57391d84767a4cd413f02a917974
- name: golang.org/x/crypto
  version: 4ec37c66abab2c7e02ae775328b2ff001c3f025a
  subpackages:
  - openpgp
  - ripemd160
  - sha3
- name: golang.org/x/net
  version: 640f4622ab692b87c2f3a94265e6f579fe38263d
  subpackages:
  - context
  - html
  - html/atom
  - html/charset
  - http2
  - http2/hpack
  - idna
  - internal/iana
  - internal/socket
  - internal/socks
  - internal/timeseries
  - ipv4
  - ipv6
  - lex/httplex
  - webdav/internal/xml
- name: golang.org/x/oauth2
  version: cdc340f7c179dbbfa4afd43b7614e8fcadde4269
  subpackages:
  - google
- name: golang.org/x/sys
  version: 6f686a352de66814cdd080d970febae7767857a3
  subpackages:
  - unix
  - windows
  - windows/registry
  - windows/svc
  - windows/svc/debug
  - windows/svc/eventlog
  - windows/svc/mgr
- name: golang.org/x/text
  version: 7922cc490dd5a7dbaa7fd5d6196b49db59ac042f
  subpackages:
  - cases
  - cmd/gotext/examples/extract_http/pkg
  - collate
  - encoding
  - encoding/charmap
  - encoding/htmlindex
  - encoding/internal
  - encoding/internal/identifier
  - encoding/japanese
  - encoding/korean
  - encoding/simplifiedchinese
  - encoding/traditionalchinese
  - encoding/unicode
  - feature/plural
  - internal
  - internal/catmsg
  - internal/cldrtree
  - internal/colltab
  - internal/format
  - internal/gen
  - internal/language
  - internal/language/compact
  - internal/number
  - internal/stringset
  - internal/tag
  - internal/utf8internal
  - language
  - message
  - message/catalog
  - message/pipeline
  - runes
  - secure/bidirule
  - transform
  - unicode/bidi
  - unicode/cldr
  - unicode/norm
  - width
- name: golang.org/x/tools
  version: 87723262609ca8fd55d449c027454c29cadefd68
  subpackages:
  - go/buildutil
  - go/callgraph
  - go/callgraph/cha
  - go/loader
  - go/ssa
  - go/ssa/ssautil
- name: google.golang.org/api
  version: 20530fd5d65ad2caee87891f9896d7547cb400c9
  subpackages:
  - compute/v1
- name: gopkg.in/oleiade/lane.v1
  version: 28f7c3f09254f12b51e620fa4db136ba58804762
- name: gopkg.in/yaml.v2
  version: 5420a8b6744d3b0345ab293f6fcba19c978f1183
testImports:
- name: github.com/onsi/ginkgo
  version: ""
- name: github.com/onsi/gomega
  version: ""
