# This file is autogenerated, do not edit; changes may be undone by the next 'dep ensure'.


[[projects]]
  branch = "master"
  name = "github.com/Azure/go-ansiterm"
  packages = [
    ".",
    "winterm"
  ]
  revision = "d6e3b3328b783f23731bc4d058875b0371ff8109"

[[projects]]
  branch = "master"
  name = "github.com/BurntSushi/toml"
  packages = ["."]
  revision = "a368813c5e648fee92e5f6c30e3944ff9d5e8895"

[[projects]]
  name = "github.com/Microsoft/go-winio"
  packages = ["."]
  revision = "7da180ee92d8bd8bb8c37fc560e673e6557c392f"
  version = "v0.4.7"

[[projects]]
  branch = "master"
  name = "github.com/Nvveen/Gotty"
  packages = ["."]
  revision = "cd527374f1e5bff4938207604a14f2e38a9cf512"

[[projects]]
  branch = "master"
  name = "github.com/agl/ed25519"
  packages = [
    ".",
    "edwards25519",
    "extra25519"
  ]
  revision = "5312a61534124124185d41f09206b9fef1d88403"

[[projects]]
  name = "github.com/btcsuite/btcd"
  packages = ["btcec"]
  revision = "2be2f12b358dc57d70b8f501b00be450192efbc3"

[[projects]]
  name = "github.com/btcsuite/btcutil"
  packages = ["base58"]
  revision = "b9afb0b9868a757e8fcc3c3adf5b129979f9b3e6"

[[projects]]
  name = "github.com/c-bata/go-prompt"
  packages = ["."]
  revision = "15992ed45e46edd6168d7c8bfda14b700f6b756a"

[[projects]]
  branch = "master"
  name = "github.com/cenkalti/hub"
  packages = ["."]
  revision = "11382a9960d39b0ecda16fd01c424c11ff765a34"

[[projects]]
  branch = "master"
  name = "github.com/cenkalti/rpc2"
  packages = ["."]
  revision = "c51a77e5f664b4a8a69bce4270d14204f94d51f9"

[[projects]]
  branch = "master"
  name = "github.com/containerd/continuity"
  packages = ["pathdriver"]
  revision = "d3c23511c1bf5851696cba83143d9cbcd666869b"

[[projects]]
  branch = "master"
  name = "github.com/coreos/go-semver"
  packages = ["semver"]
  revision = "e214231b295a8ea9479f11b70b35d5acf3556d9b"

[[projects]]
  name = "github.com/docker/docker"
  packages = [
    "api/types",
    "api/types/blkiodev",
    "api/types/container",
    "api/types/filters",
    "api/types/mount",
    "api/types/network",
    "api/types/registry",
    "api/types/strslice",
    "api/types/swarm",
    "api/types/swarm/runtime",
    "api/types/versions",
    "opts",
    "pkg/archive",
    "pkg/fileutils",
    "pkg/homedir",
    "pkg/idtools",
    "pkg/ioutils",
    "pkg/jsonmessage",
    "pkg/longpath",
    "pkg/mount",
    "pkg/pools",
    "pkg/stdcopy",
    "pkg/system",
    "pkg/term",
    "pkg/term/windows"
  ]
  revision = "a422774e593b33bd287d9890544ad9e09b380d8c"

[[projects]]
  branch = "master"
  name = "github.com/docker/go-connections"
  packages = ["nat"]
  revision = "7395e3f8aa162843a74ed6d48e79627d9792ac55"

[[projects]]
  name = "github.com/docker/go-units"
  packages = ["."]
  revision = "47565b4f722fb6ceae66b95f853feed578a4a51c"
  version = "v0.3.3"

[[projects]]
  branch = "master"
  name = "github.com/docker/spdystream"
  packages = [
    ".",
    "spdy"
  ]
  revision = "bc6354cbbc295e925e4c611ffe90c1f287ee54db"

[[projects]]
  branch = "master"
  name = "github.com/dsnet/compress"
  packages = [
    ".",
    "bzip2",
    "bzip2/internal/sais",
    "internal",
    "internal/errors",
    "internal/prefix"
  ]
  revision = "cc9eb1d7ad760af14e8f918698f745e80377af4f"

[[projects]]
  branch = "master"
  name = "github.com/dustin/go-humanize"
  packages = ["."]
  revision = "02af3965c54e8cacf948b97fef38925c4120652c"

[[projects]]
  branch = "master"
  name = "github.com/ellcrys/go-libp2p-crypto"
  packages = ["."]
  revision = "08bc4ca6778916abbeb103712423416289bb4c8d"

[[projects]]
  branch = "master"
  name = "github.com/ellcrys/merkletree"
  packages = ["."]
  revision = "348a355d86ed09842d79abcc19e3b1495d346d16"

[[projects]]
  name = "github.com/ethereum/go-ethereum"
  packages = [
    "common",
    "common/hexutil",
    "common/math",
    "consensus",
    "core/state",
    "core/types",
    "crypto",
    "crypto/secp256k1",
    "crypto/sha3",
    "ethdb",
    "log",
    "metrics",
    "p2p/netutil",
    "params",
    "rlp",
    "rpc",
    "trie"
  ]
  revision = "86be91b3e2dff5df28ee53c59df1ecfe9f97e007"

[[projects]]
  name = "github.com/fatih/color"
  packages = ["."]
  revision = "507f6050b8568533fb3f5504de8e5205fa62a114"
  version = "v1.6.0"

[[projects]]
  name = "github.com/fatih/structs"
  packages = ["."]
  revision = "a720dfa8df582c51dee1b36feabb906bde1588bd"
  version = "v1.0"

[[projects]]
  name = "github.com/fd/go-nat"
  packages = ["."]
  revision = "dcaf50131e4810440bed2cbb6f7f32c4f4cc95dd"

[[projects]]
  branch = "master"
  name = "github.com/franela/goreq"
  packages = ["."]
  revision = "bcd34c9993f899273c74baaa95e15386cd97b6e7"

[[projects]]
  branch = "master"
  name = "github.com/fsouza/go-dockerclient"
  packages = ["."]
  revision = "51bd33c0c7792b2566054672a4915b406d988cc6"

[[projects]]
  name = "github.com/go-ozzo/ozzo-validation"
  packages = ["."]
  revision = "9d6782aa52aad2ec5f3ea5af63b7dc4bc5192c40"
  version = "v3.4.0"

[[projects]]
  name = "github.com/go-stack/stack"
  packages = ["."]
  revision = "259ab82a6cad3992b4e21ff5cac294ccb06474bc"
  version = "v1.7.0"

[[projects]]
  name = "github.com/gogo/protobuf"
  packages = [
    "io",
    "proto"
  ]
  revision = "1ef32a8b9fc3f8ec940126907cedb5998f6318e4"

[[projects]]
  name = "github.com/golang/protobuf"
  packages = ["proto"]
  revision = "b4deda0973fb4c70b50d226b1af49f3da59f5265"
  version = "v1.1.0"

[[projects]]
  name = "github.com/golang/snappy"
  packages = ["."]
  revision = "553a641470496b2327abcac10b36396bd98e45c9"

[[projects]]
  name = "github.com/gorilla/websocket"
  packages = ["."]
  revision = "eb925808374e5ca90c83401a40d711dc08c0c0f6"

[[projects]]
  branch = "master"
  name = "github.com/graarh/golang-socketio"
  packages = [
    ".",
    "protocol",
    "transport"
  ]
  revision = "2c44953b9b5fcd4da83ec8816f002ce68a12ef2d"

[[projects]]
  branch = "master"
  name = "github.com/gxed/GoEndian"
  packages = ["."]
  revision = "0f5c6873267e5abf306ffcdfcfa4bf77517ef4a7"

[[projects]]
  branch = "master"
  name = "github.com/gxed/eventfd"
  packages = ["."]
  revision = "80a92cca79a8041496ccc9dd773fcb52a57ec6f9"

[[projects]]
  branch = "master"
  name = "github.com/gxed/hashland"
  packages = ["keccakpg"]
  revision = "d9f6b97f8db22dd1e090fd0bbbe98f09cc7dd0a8"

[[projects]]
  branch = "master"
  name = "github.com/hashicorp/golang-lru"
  packages = [
    ".",
    "simplelru"
  ]
  revision = "0fb14efe8c47ae851c0034ed7a448854d3d34cf3"

[[projects]]
  branch = "master"
  name = "github.com/howeyc/gopass"
  packages = ["."]
  revision = "bf9dde6d0d2c004a008c27aaee91170c786f6db8"

[[projects]]
  name = "github.com/huin/goupnp"
  packages = [
    ".",
    "dcps/internetgateway1",
    "dcps/internetgateway2",
    "httpu",
    "scpd",
    "soap",
    "ssdp"
  ]
  revision = "167b9766e52022410644dfc64e8aadd57ee36858"

[[projects]]
  name = "github.com/imdario/mergo"
  packages = ["."]
  revision = "9f23e2d6bd2a77f959b2bf6acdbefd708a83a4a4"
  version = "v0.3.6"

[[projects]]
  name = "github.com/inconshreveable/mousetrap"
  packages = ["."]
  revision = "76626ae9c91c4f2a10f34cad8ce83ea42c93bb75"
  version = "v1.0"

[[projects]]
  branch = "master"
  name = "github.com/ipfs/go-ipfs-util"
  packages = ["."]
  revision = "9ed527918c2f20abdf0adfab0553cd87db34f656"

[[projects]]
  name = "github.com/ipfs/go-log"
  packages = ["."]
  revision = "59b4549305c9c7a81367b9ff34597ba8babea832"

[[projects]]
  name = "github.com/jackpal/gateway"
  packages = ["."]
  revision = "5795ac81146e01d3fab7bcf21c043c3d6a32b006"

[[projects]]
  branch = "master"
  name = "github.com/jackpal/go-nat-pmp"
  packages = ["."]
  revision = "28a68d0c24adce1da43f8df6a57340909ecd7fdd"

[[projects]]
  branch = "master"
  name = "github.com/jbenet/go-temp-err-catcher"
  packages = ["."]
  revision = "aac704a3f4f27190b4ccc05f303a4931fd1241ff"

[[projects]]
  branch = "master"
  name = "github.com/jbenet/goprocess"
  packages = [
    ".",
    "context",
    "periodic",
    "ratelimit"
  ]
  revision = "b497e2f366b8624394fb2e89c10ab607bebdde0b"

[[projects]]
  branch = "master"
  name = "github.com/jinzhu/configor"
  packages = ["."]
  revision = "ec34f328956f53dfbd06e9f5306e37e6943443c3"

[[projects]]
  branch = "master"
  name = "github.com/jinzhu/copier"
  packages = ["."]
  revision = "7e38e58719c33e0d44d585c4ab477a30f8cb82dd"

[[projects]]
  branch = "master"
  name = "github.com/keybase/go-codec"
  packages = ["codec"]
  revision = "73210629e9f31ec8745db957708cbcc344c6f173"

[[projects]]
  branch = "master"
  name = "github.com/keybase/go-merkle-tree"
  packages = ["."]
  revision = "90288bcf8366442e1d29ad22356fae3f2e8254a5"

[[projects]]
  name = "github.com/libp2p/go-addr-util"
  packages = ["."]
  revision = "a9d6b939b59796c4933f56a8e628d6682d8d2a05"

[[projects]]
  branch = "master"
  name = "github.com/libp2p/go-flow-metrics"
  packages = ["."]
  revision = "3b3bcfcf78f2dc0e85be13ef3c3adc64cc5a9347"

[[projects]]
  name = "github.com/libp2p/go-libp2p"
  packages = [
    ".",
    "p2p/host/basic",
    "p2p/protocol/identify",
    "p2p/protocol/identify/pb"
  ]
  revision = "6877a20c8a91eb0d53244d4c358ed8b6aa085eba"

[[projects]]
  name = "github.com/libp2p/go-libp2p-circuit"
  packages = [
    ".",
    "pb"
  ]
  revision = "6dc6e9b7982f4e7ecc9277008b071d697dd61adb"

[[projects]]
  name = "github.com/libp2p/go-libp2p-conn"
  packages = ["."]
  revision = "8058ec7c7d8d3834119a164005482ea696f028e4"

[[projects]]
  branch = "master"
  name = "github.com/libp2p/go-libp2p-crypto"
  packages = [
    ".",
    "pb"
  ]
  revision = "18915b5467c77ad8c07a35328c2cab468667a4e8"

[[projects]]
  name = "github.com/libp2p/go-libp2p-host"
  packages = ["."]
  revision = "dfeeb00fc9decef43a6bc47b555a530cb38e0c62"

[[projects]]
  name = "github.com/libp2p/go-libp2p-interface-conn"
  packages = ["."]
  revision = "0635e022759c738c55b7769cc6307506946089b9"

[[projects]]
  name = "github.com/libp2p/go-libp2p-interface-connmgr"
  packages = ["."]
  revision = "201197111979ad70393a51d80cb12c5dfcee9d01"

[[projects]]
  name = "github.com/libp2p/go-libp2p-interface-pnet"
  packages = ["."]
  revision = "6ea0626616ac1d34c6375a20fd1f48fc9a607a4d"

[[projects]]
  name = "github.com/libp2p/go-libp2p-loggables"
  packages = ["."]
  revision = "7a534896f9574b69081fa4e3a192270465719ced"

[[projects]]
  name = "github.com/libp2p/go-libp2p-metrics"
  packages = [
    ".",
    "conn",
    "stream"
  ]
  revision = "a3a76fa99809135a2421982ff2958a544aa517ee"

[[projects]]
  name = "github.com/libp2p/go-libp2p-nat"
  packages = ["."]
  revision = "469319376dce9de8de967a034bf579b4ae7be44d"

[[projects]]
  name = "github.com/libp2p/go-libp2p-net"
  packages = ["."]
  revision = "64c31f18a9753193909544f1a606148894cbe878"

[[projects]]
  name = "github.com/libp2p/go-libp2p-peer"
  packages = ["."]
  revision = "da74849e053d3a8c1750b2f88a70ad39d357c957"

[[projects]]
  name = "github.com/libp2p/go-libp2p-peerstore"
  packages = [
    ".",
    "addr"
  ]
  revision = "2c122745dcc9c03c80b0203ce89c445ace6aa596"

[[projects]]
  branch = "master"
  name = "github.com/libp2p/go-libp2p-protocol"
  packages = ["."]
  revision = "b29f3d97e3a2fb8b29c5d04290e6cb5c5018004b"

[[projects]]
  name = "github.com/libp2p/go-libp2p-secio"
  packages = [
    ".",
    "pb"
  ]
  revision = "437de218ca1fc65dfbf7b2b084519665bbaf7781"

[[projects]]
  name = "github.com/libp2p/go-libp2p-swarm"
  packages = ["."]
  revision = "c0bf6756a81190a94b5946f952cd4fc7d342b0d3"

[[projects]]
  name = "github.com/libp2p/go-libp2p-transport"
  packages = ["."]
  revision = "7f67e6aa68aa4b679c21179d32ab08d77a149cef"

[[projects]]
  branch = "master"
  name = "github.com/libp2p/go-maddr-filter"
  packages = ["."]
  revision = "3c9947befbb92277cc5f85057d387097debc4139"

[[projects]]
  branch = "master"
  name = "github.com/libp2p/go-msgio"
  packages = [
    ".",
    "mpool"
  ]
  revision = "d82125c9907e1365775356505f14277d47dfd4d6"

[[projects]]
  name = "github.com/libp2p/go-peerstream"
  packages = ["."]
  revision = "de27dedf2287a2bd7030a1ecc94a6913385e6cfe"

[[projects]]
  name = "github.com/libp2p/go-reuseport"
  packages = [
    ".",
    "poll",
    "singlepoll"
  ]
  revision = "99b8511da09c3f00966861e1ed210e808c568112"

[[projects]]
  name = "github.com/libp2p/go-sockaddr"
  packages = ["net"]
  revision = "09ae606455f81dc795c406a93b35993fcfc3a912"

[[projects]]
  branch = "master"
  name = "github.com/libp2p/go-stream-muxer"
  packages = ["."]
  revision = "6ebe3f58af097068454b167a89442050b023b571"

[[projects]]
  name = "github.com/libp2p/go-tcp-transport"
  packages = ["."]
  revision = "578cd65fcec1d08d226d1b186e4548065e6bd65c"

[[projects]]
  name = "github.com/libp2p/go-ws-transport"
  packages = ["."]
  revision = "0cf90461ccc19765a5afafa9c2f58291471f1f09"

[[projects]]
  name = "github.com/mattn/go-colorable"
  packages = ["."]
  revision = "167de6bfdfba052fa6b2d3664c8f5272e23c9072"
  version = "v0.0.9"

[[projects]]
  name = "github.com/mattn/go-isatty"
  packages = ["."]
  revision = "0360b2af4f38e8d38c7fce2a9f4e702702d73a39"
  version = "v0.0.3"

[[projects]]
  branch = "master"
  name = "github.com/mattn/go-tty"
  packages = ["."]
  revision = "931426f7535ac39720c8909d70ece5a41a2502a6"

[[projects]]
  branch = "master"
  name = "github.com/mholt/archiver"
  packages = ["."]
  revision = "e4ef56d48eb029648b0e895bb0b6a393ef0829c3"

[[projects]]
  branch = "master"
  name = "github.com/minio/blake2b-simd"
  packages = ["."]
  revision = "3f5f724cb5b182a5c278d6d3d55b40e7f8c2efb4"

[[projects]]
  branch = "master"
  name = "github.com/minio/sha256-simd"
  packages = ["."]
  revision = "ad98a36ba0da87206e3378c556abbfeaeaa98668"

[[projects]]
  name = "github.com/mitchellh/go-homedir"
  packages = ["."]
  revision = "b8bc1bf767474819792c23f32d8286a45736f1c6"

[[projects]]
  branch = "master"
  name = "github.com/mitchellh/mapstructure"
  packages = ["."]
  revision = "f15292f7a699fcc1a38a80977f80a046874ba8ac"

[[projects]]
  branch = "master"
  name = "github.com/mr-tron/base58"
  packages = ["base58"]
  revision = "c1bdf7c52f59d6685ca597b9955a443ff95eeee6"

[[projects]]
  branch = "master"
  name = "github.com/multiformats/go-multiaddr"
  packages = ["."]
  revision = "123a717755e0559ec8fda308019cd24e0a37bb07"

[[projects]]
  name = "github.com/multiformats/go-multiaddr-dns"
  packages = ["."]
  revision = "b431cd0a670beb991d0d0dc3defd2b89125aa34e"

[[projects]]
  branch = "master"
  name = "github.com/multiformats/go-multiaddr-net"
  packages = ["."]
  revision = "97d80565f68c5df715e6ba59c2f6a03d1fc33aaf"

[[projects]]
  name = "github.com/multiformats/go-multihash"
  packages = ["."]
  revision = "265e72146e710ff649c6982e3699d01d4e9a18bb"

[[projects]]
  name = "github.com/multiformats/go-multistream"
  packages = ["."]
  revision = "612ce31c03aebe1d5adbd3c850ee89e05a82b16d"

[[projects]]
  branch = "master"
  name = "github.com/nwaples/rardecode"
  packages = ["."]
  revision = "e06696f847aeda6f39a8f0b7cdff193b7690aef6"

[[projects]]
  branch = "master"
  name = "github.com/olebedev/emitter"
  packages = ["."]
  revision = "68bb25b251f61cde3824cc316f238f0da1704331"

[[projects]]
  name = "github.com/onsi/ginkgo"
  packages = [
    ".",
    "config",
    "internal/codelocation",
    "internal/containernode",
    "internal/failer",
    "internal/leafnodes",
    "internal/remote",
    "internal/spec",
    "internal/spec_iterator",
    "internal/specrunner",
    "internal/suite",
    "internal/testingtproxy",
    "internal/writer",
    "reporters",
    "reporters/stenographer",
    "reporters/stenographer/support/go-colorable",
    "reporters/stenographer/support/go-isatty",
    "types"
  ]
  revision = "03ffd3f46debf00c49ed76d5dbb564ef4839adfe"

[[projects]]
  name = "github.com/onsi/gomega"
  packages = [
    ".",
    "format",
    "internal/assertion",
    "internal/asyncassertion",
    "internal/oraclematcher",
    "internal/testingtsupport",
    "matchers",
    "matchers/support/goraph/bipartitegraph",
    "matchers/support/goraph/edge",
    "matchers/support/goraph/node",
    "matchers/support/goraph/util",
    "types"
  ]
  revision = "62bff4df71bdbc266561a0caee19f0594b17c240"
  version = "v1.4.0"

[[projects]]
  branch = "master"
  name = "github.com/opencontainers/go-digest"
  packages = ["."]
  revision = "c9281466c8b2f606084ac71339773efd177436e7"

[[projects]]
  branch = "master"
  name = "github.com/opencontainers/image-spec"
  packages = [
    "specs-go",
    "specs-go/v1"
  ]
  revision = "e562b04403929d582d449ae5386ff79dd7961a11"

[[projects]]
  name = "github.com/opencontainers/runc"
  packages = [
    "libcontainer/system",
    "libcontainer/user"
  ]
  revision = "ecd55a4135e0a26de884ce436442914f945b1e76"

[[projects]]
  name = "github.com/opentracing/opentracing-go"
  packages = [
    ".",
    "ext",
    "log"
  ]
  revision = "328fceb7548c744337cd010914152b74eaf4c4ab"

[[projects]]
  branch = "master"
  name = "github.com/phayes/freeport"
  packages = ["."]
  revision = "e27662a4a9d6b2083dfd7e7b5d0e30985daca925"

[[projects]]
  branch = "master"
  name = "github.com/pierrec/lz4"
  packages = ["."]
  revision = "ed8d4cc3b461464e69798080a0092bd028910298"

[[projects]]
  branch = "master"
  name = "github.com/pierrec/xxHash"
  packages = ["xxHash32"]
  revision = "a0006b13c722f7f12368c00a3d3c2ae8a999a0c6"

[[projects]]
  branch = "master"
  name = "github.com/pkg/errors"
  packages = ["."]
  revision = "816c9085562cd7ee03e7f8188a1cfd942858cded"

[[projects]]
  branch = "master"
  name = "github.com/pkg/term"
  packages = ["termios"]
  revision = "cda20d4ac917ad418d86e151eff439648b06185b"

[[projects]]
  name = "github.com/robertkrimen/otto"
  packages = [
    ".",
    "ast",
    "dbg",
    "file",
    "parser",
    "registry",
    "token"
  ]
  revision = "6c383dd335ef8dcccef05e651ce1eccfe4d0f011"

[[projects]]
  name = "github.com/rs/cors"
  packages = ["."]
  revision = "3fb1b69b103a84de38a19c3c6ec073dd6caa4d3f"
  version = "v1.5.0"

[[projects]]
  branch = "master"
  name = "github.com/satori/go.uuid"
  packages = ["."]
  revision = "36e9d2ebbde5e3f13ab2e25625fd453271d6522e"

[[projects]]
  branch = "master"
  name = "github.com/segmentio/go-prompt"
  packages = ["."]
  revision = "f0d19b6901ade831d5a3204edc0d6a7d6457fbb2"

[[projects]]
  branch = "master"
  name = "github.com/shopspring/decimal"
  packages = ["."]
  revision = "2df3e6ddaf6e9531dd02d7b6337f2d310f5e4f22"

[[projects]]
  name = "github.com/sirupsen/logrus"
  packages = ["."]
  revision = "778f2e774c725116edbc3d039dc0dfc1cc62aae8"

[[projects]]
  branch = "master"
  name = "github.com/spaolacci/murmur3"
  packages = ["."]
  revision = "f09979ecbc725b9e6d41a297405f65e7e8804acc"

[[projects]]
  name = "github.com/spf13/cobra"
  packages = ["."]
  revision = "a1f051bc3eba734da4772d60e2d677f47cf93ef4"
  version = "v0.0.2"

[[projects]]
  name = "github.com/spf13/pflag"
  packages = ["."]
  revision = "ee5fd03fd6acfd43e44aea0b4135958546ed8e73"

[[projects]]
  name = "github.com/syndtr/goleveldb"
  packages = [
    "leveldb",
    "leveldb/cache",
    "leveldb/comparer",
    "leveldb/errors",
    "leveldb/filter",
    "leveldb/iterator",
    "leveldb/journal",
    "leveldb/memdb",
    "leveldb/opt",
    "leveldb/storage",
    "leveldb/table",
    "leveldb/util"
  ]
  revision = "714f901b98fdb3aa954b4193d8cbd64a28d80cad"

[[projects]]
  name = "github.com/thoas/go-funk"
  packages = ["."]
  revision = "54489e5ff3900f4618607d32d680f8cf112bcb18"

[[projects]]
  name = "github.com/ulikunitz/xz"
  packages = [
    ".",
    "internal/hash",
    "internal/xlog",
    "lzma"
  ]
  revision = "0c6b41e72360850ca4f98dc341fd999726ea007f"
  version = "v0.5.4"

[[projects]]
  name = "github.com/vmihailenco/msgpack"
  packages = [
    ".",
    "codes"
  ]
  revision = "b5e691b1eb52a28c05e67ab9df303626c095c23b"
  version = "v3.3.3"

[[projects]]
  branch = "master"
  name = "github.com/whyrusleeping/go-logging"
  packages = ["."]
  revision = "0457bb6b88fc1973573aaf6b5145d8d3ae972390"

[[projects]]
  name = "github.com/whyrusleeping/go-multiplex"
  packages = ["."]
  revision = "3ac9031715040479fc59cbf43a09f6a08b3ef9ae"

[[projects]]
  branch = "master"
  name = "github.com/whyrusleeping/go-notifier"
  packages = ["."]
  revision = "097c5d47330ff6a823f67e3515faa13566a62c6f"

[[projects]]
  name = "github.com/whyrusleeping/go-smux-multiplex"
  packages = ["."]
  revision = "feac16f6d6b1dafe1963afcca468baf6e430e01d"

[[projects]]
  name = "github.com/whyrusleeping/go-smux-multistream"
  packages = ["."]
  revision = "afa6825376c14a0462fd420a7d4b4d157c937a42"

[[projects]]
  branch = "master"
  name = "github.com/whyrusleeping/go-smux-spdystream"
  packages = ["."]
  revision = "a6182ff2a058b177f3dc7513fe198e6002f7be78"

[[projects]]
  branch = "master"
  name = "github.com/whyrusleeping/go-smux-yamux"
  packages = ["."]
  revision = "49f324a2b63e778df703cf8e5a502bd56a683ef3"

[[projects]]
  branch = "master"
  name = "github.com/whyrusleeping/mafmt"
  packages = ["."]
  revision = "ab6a47300c1df531e468771e7d08fcd6d33f032e"

[[projects]]
  branch = "master"
  name = "github.com/whyrusleeping/multiaddr-filter"
  packages = ["."]
  revision = "e903e4adabd70b78bc9293b6ee4f359afb3f9f59"

[[projects]]
  branch = "master"
  name = "github.com/whyrusleeping/yamux"
  packages = ["."]
  revision = "63d22127b261bf7014885d25fabe034bed14f04b"

[[projects]]
  name = "go.uber.org/atomic"
  packages = ["."]
  revision = "8474b86a5a6f79c443ce4b2992817ff32cf208b8"
  version = "v1.3.1"

[[projects]]
  branch = "master"
  name = "go.uber.org/multierr"
  packages = ["."]
  revision = "ddea229ff1dff9e6fe8a6c0344ac73b09e81fce5"

[[projects]]
  name = "go.uber.org/zap"
  packages = [
    ".",
    "buffer",
    "internal/bufferpool",
    "internal/color",
    "internal/exit",
    "zapcore"
  ]
  revision = "f85c78b1dd998214c5f2138155b320a4a43fbe36"

[[projects]]
  name = "golang.org/x/crypto"
  packages = [
    "blake2b",
    "blake2s",
    "blowfish",
    "pbkdf2",
    "ripemd160",
    "scrypt",
    "sha3",
    "ssh/terminal"
  ]
  revision = "80db560fac1fb3e6ac81dbc7f8ae4c061f5257bd"

[[projects]]
  name = "golang.org/x/net"
  packages = [
    "context",
    "html",
    "html/atom",
    "html/charset",
    "websocket"
  ]
  revision = "6078986fec03a1dcc236c34816c71b0e05018fda"

[[projects]]
  name = "golang.org/x/sys"
  packages = [
    "unix",
    "windows"
  ]
  revision = "1e3c7779a71dac3e6f1a2abb347a6734b72d35e7"

[[projects]]
  name = "golang.org/x/text"
  packages = [
    "encoding",
    "encoding/charmap",
    "encoding/htmlindex",
    "encoding/internal",
    "encoding/internal/identifier",
    "encoding/japanese",
    "encoding/korean",
    "encoding/simplifiedchinese",
    "encoding/traditionalchinese",
    "encoding/unicode",
    "internal/gen",
    "internal/language",
    "internal/language/compact",
    "internal/tag",
    "internal/utf8internal",
    "language",
    "runes",
    "transform",
    "unicode/cldr"
  ]
  revision = "8c34f848e18c4bd34d02db7f19a0ed1a0a8f5852"

[[projects]]
  name = "google.golang.org/appengine"
  packages = [
    ".",
    "datastore",
    "internal",
    "internal/app_identity",
    "internal/base",
    "internal/datastore",
    "internal/log",
    "internal/modules",
    "internal/remote_api"
  ]
  revision = "b1f26356af11148e710935ed1ac8a7f5702c7612"
  version = "v1.1.0"

[[projects]]
  name = "gopkg.in/asaskevich/govalidator.v4"
  packages = ["."]
  revision = "7664702784775e51966f0885f5cd27435916517b"
  version = "v4"

[[projects]]
  name = "gopkg.in/fatih/set.v0"
  packages = ["."]
  revision = "2c768e3c5489976167bfc42b5c7c92ca783f4389"
  version = "v0.2.1"

[[projects]]
  branch = "v2"
  name = "gopkg.in/karalabe/cookiejar.v2"
  packages = ["collections/prque"]
  revision = "8dcd6a7f4951f6ff3ee9cbb919a06d8925822e57"

[[projects]]
  branch = "v2"
  name = "gopkg.in/natefinch/npipe.v2"
  packages = ["."]
  revision = "c1b8fa8bdccecb0b8db834ee0b92fdbcfa606dd6"

[[projects]]
  name = "gopkg.in/sourcemap.v1"
  packages = [
    ".",
    "base64vlq"
  ]
  revision = "6e83acea0053641eff084973fee085f0c193c61a"
  version = "v1.0.5"

[[projects]]
  name = "gopkg.in/yaml.v2"
  packages = ["."]
  revision = "7f97868eec74b32b0982dd158a51a446d1da7eb5"
  version = "v2.1.1"

[solve-meta]
  analyzer-name = "dep"
  analyzer-version = 1
  inputs-digest = "b43574454f2dd2f9b3ee6e243ca6f2c5e1ec47c33c81cfe0405c58f0135a67b5"
  solver-name = "gps-cdcl"
  solver-version = 1
