# This file is autogenerated, do not edit; changes may be undone by the next 'dep ensure'.


[[projects]]
  branch = "master"
  digest = "1:093bf93a65962e8191e3e8cd8fc6c363f83d43caca9739c906531ba7210a9904"
  name = "github.com/btcsuite/btcd"
  packages = ["btcec"]
  pruneopts = "UT"
  revision = "6867ff32788a1beb9d148e414d7f84f50958f0d2"

[[projects]]
  branch = "master"
  digest = "1:95f4fdfbc8d7723bd21e467aabe98d86f06d3e2557b1ba92bf9df8aea6706784"
  name = "github.com/btcsuite/btcutil"
  packages = ["base58"]
  pruneopts = "UT"
  revision = "3ac1210f4b38284536002486ef8a21ac54c14497"

[[projects]]
  digest = "1:63586c59c82d8dcfc402e55fcf316813102551bcd84b564ee0a851cdeab5ad11"
  name = "github.com/c-bata/go-prompt"
  packages = ["."]
  pruneopts = "UT"
  revision = "4b35da6de174f52d037dc6e9008772ef31990ed3"
  version = "v0.2.3"

[[projects]]
  digest = "1:05ffeeed3f0f05520de0679f6aa3219ffee69cfd6d9fb6c194879d4c818ad670"
  name = "github.com/coreos/go-semver"
  packages = ["semver"]
  pruneopts = "UT"
  revision = "e214231b295a8ea9479f11b70b35d5acf3556d9b"
  version = "v0.3.0"

[[projects]]
  digest = "1:76dc72490af7174349349838f2fe118996381b31ea83243812a97e5a0fd5ed55"
  name = "github.com/dgrijalva/jwt-go"
  packages = ["."]
  pruneopts = "UT"
  revision = "06ea1031745cb8b3dab3f6a236daf2b0aa468b7e"
  version = "v3.2.0"

[[projects]]
  digest = "1:6f9339c912bbdda81302633ad7e99a28dfa5a639c864061f1929510a9a64aa74"
  name = "github.com/dustin/go-humanize"
  packages = ["."]
  pruneopts = "UT"
  revision = "9f541cc9db5d55bce703bd99987c9d5cb8eea45e"
  version = "v1.0.0"

[[projects]]
  branch = "master"
  digest = "1:e2655cbc97a3a48d0efedf27fe75191b4946aa92ce03acd37e76458b218f9df1"
  name = "github.com/dustinkirkland/golang-petname"
  packages = ["."]
  pruneopts = "UT"
  revision = "d3c2ba80e75eeef10c5cf2fc76d2c809637376b3"

[[projects]]
  digest = "1:d631040613174060724a8359c47ff4170e52bf4e54248cc6c6dfbfa7de70920e"
  name = "github.com/ellcrys/go-ethereum"
  packages = [
    "crypto/sha3",
    "log",
  ]
  pruneopts = "UT"
  revision = "66432f3821badf24d526f2d9205f36c0543219de"
  version = "v1.8.7"

[[projects]]
  digest = "1:4618466244d5f6dbca839b6c0151f76bc58b592d81c83fe909ea9a070269f324"
  name = "github.com/ellcrys/go-prompt"
  packages = ["."]
  pruneopts = "UT"
  revision = "f0d19b6901ade831d5a3204edc0d6a7d6457fbb2"
  version = "v1.2.1"

[[projects]]
  branch = "master"
  digest = "1:79efb3c233322835594954b38c6878ed3778396ba55f7c3e5a24dd38c4170ecd"
  name = "github.com/ellcrys/merkletree"
  packages = ["."]
  pruneopts = "UT"
  revision = "8ee12875de414122d25c37a29e08abff6d8ddde3"

[[projects]]
  digest = "1:865079840386857c809b72ce300be7580cb50d3d3129ce11bf9aa6ca2bc1934a"
  name = "github.com/fatih/color"
  packages = ["."]
  pruneopts = "UT"
  revision = "5b77d2a35fb0ede96d138fc9a99f5c9b6aef11b4"
  version = "v1.7.0"

[[projects]]
  digest = "1:af43bdaaf86655a2343f113e9b293bbc16b12099eaeb223982bbe4d4c22ba14d"
  name = "github.com/fatih/structs"
  packages = ["."]
  pruneopts = "UT"
  revision = "4966fc68f5b7593aafa6cbbba2d65ec6e1416047"
  version = "v1.1.0"

[[projects]]
  digest = "1:abeb38ade3f32a92943e5be54f55ed6d6e3b6602761d74b4aab4c9dd45c18abd"
  name = "github.com/fsnotify/fsnotify"
  packages = ["."]
  pruneopts = "UT"
  revision = "c2828203cd70a50dcccfb2761f8b1f8ceef9a8e9"
  version = "v1.4.7"

[[projects]]
  digest = "1:c116114869f44c711fa5baf9e019fa327101c82ddc4dcc1de84db1f6c43a2d36"
  name = "github.com/go-ozzo/ozzo-validation"
  packages = ["."]
  pruneopts = "UT"
  revision = "106681dbb37bfa3e7683c4c8129cb7f5925ea3e9"
  version = "v3.5.0"

[[projects]]
  digest = "1:33542eaf895b5489ccfb059502a721f0e8875379da8b3ff60fdd9212d503705c"
  name = "github.com/go-stack/stack"
  packages = ["."]
  pruneopts = "UT"
  revision = "54be5f394ed2c3e19dac9134a40a95ba5a017f7b"
  version = "v1.5.4"

[[projects]]
  digest = "1:d29ee5ef14a7e0253facd0bcebe6a69a7a4e02a67eb24d2aacd8ccb4a7cea6fc"
  name = "github.com/gobuffalo/envy"
  packages = ["."]
  pruneopts = "UT"
  revision = "043cb4b8af871b49563291e32c66bb84378a60ac"
  version = "v1.7.0"

[[projects]]
  digest = "1:1342bed0d7aded5e5c1c958675f0662c9dbaf2d61fa0a8c5918a144737cff3e4"
  name = "github.com/gobuffalo/packd"
  packages = ["."]
  pruneopts = "UT"
  revision = "9efbb667f2024a9370cadda45a57a0657c88a6fb"
  version = "v0.1.0"

[[projects]]
  digest = "1:3624897aef11246e65ae23a2cdb62ca8bd954e5fdceec7134300d8eb67a26b9d"
  name = "github.com/gobuffalo/packr"
  packages = ["."]
  pruneopts = "UT"
  revision = "cda4ac25577350dac682c8715dc6659327232596"
  version = "v2.2.0"

[[projects]]
  branch = "master"
  digest = "1:b90ac64448d67ef218124185a8524f3c665fb7f51f096d5dd51ce950a1775d89"
  name = "github.com/gobuffalo/syncx"
  packages = ["."]
  pruneopts = "UT"
  revision = "33c29581e754bd354236e977dfe426e55331c45d"

[[projects]]
  digest = "1:760b2447d30444b6c2da7f77b677921f095fe19e6ed423b2edc1cd47a8507789"
  name = "github.com/gogo/protobuf"
  packages = [
    "io",
    "proto",
  ]
  pruneopts = "UT"
  revision = "ba06b47c162d49f2af050fb4c75bcbc86a159d5c"
  version = "v1.2.1"

[[projects]]
  digest = "1:b60efdeb75d3c0ceed88783ac2495256aba3491a537d0f31401202579fd62a94"
  name = "github.com/golang/mock"
  packages = ["gomock"]
  pruneopts = "UT"
  revision = "51421b967af1f557f93a59e0057aaf15ca02e29c"
  version = "v1.2.0"

[[projects]]
  digest = "1:318f1c959a8a740366fce4b1e1eb2fd914036b4af58fbd0a003349b305f118ad"
  name = "github.com/golang/protobuf"
  packages = ["proto"]
  pruneopts = "UT"
  revision = "b5d812f8a3706043e23a9cd5babf2e5423744d30"
  version = "v1.3.1"

[[projects]]
  digest = "1:e4f5819333ac698d294fe04dbf640f84719658d5c7ce195b10060cc37292ce79"
  name = "github.com/golang/snappy"
  packages = ["."]
  pruneopts = "UT"
  revision = "2a8bb927dd31d8daada140a5d09578521ce5c36a"
  version = "v0.0.1"

[[projects]]
  digest = "1:582b704bebaa06b48c29b0cec224a6058a09c86883aaddabde889cd1a5f73e1b"
  name = "github.com/google/uuid"
  packages = ["."]
  pruneopts = "UT"
  revision = "0cd6bf5da1e1c83f8b45653022c74f71af0538a4"
  version = "v1.1.1"

[[projects]]
  digest = "1:d5f97fc268267ec1b61c3453058c738246fc3e746f14b1ae25161513b7367b0c"
  name = "github.com/gorilla/mux"
  packages = ["."]
  pruneopts = "UT"
  revision = "c5c6c98bc25355028a63748a498942a6398ccd22"
  version = "v1.7.1"

[[projects]]
  digest = "1:6a6337e6973321c73a2f29cd68442fb7800ee3dbce4f0053a0669b4287062b9a"
  name = "github.com/gorilla/rpc"
  packages = [
    "v2",
    "v2/json2",
  ]
  pruneopts = "UT"
  revision = "bffcfa752ad4e523cc8f720afeb5b985ed41ae16"
  version = "v1.2.0"

[[projects]]
  digest = "1:7b5c6e2eeaa9ae5907c391a91c132abfd5c9e8a784a341b5625e750c67e6825d"
  name = "github.com/gorilla/websocket"
  packages = ["."]
  pruneopts = "UT"
  revision = "66b9c49e59c6c48f0ffce28c2d8b8a5678502c6d"
  version = "v1.4.0"

[[projects]]
  digest = "1:0ade334594e69404d80d9d323445d2297ff8161637f9b2d347cc6973d2d6f05b"
  name = "github.com/hashicorp/errwrap"
  packages = ["."]
  pruneopts = "UT"
  revision = "8a6fb523712970c966eefc6b39ed2c5e74880354"
  version = "v1.0.0"

[[projects]]
  digest = "1:f668349b83f7d779567c880550534addeca7ebadfdcf44b0b9c39be61864b4b7"
  name = "github.com/hashicorp/go-multierror"
  packages = ["."]
  pruneopts = "UT"
  revision = "886a7fbe3eb1c874d46f623bfa70af45f425b3d1"
  version = "v1.0.0"

[[projects]]
  digest = "1:d15ee511aa0f56baacc1eb4c6b922fa1c03b38413b6be18166b996d82a0156ea"
  name = "github.com/hashicorp/golang-lru"
  packages = [
    ".",
    "simplelru",
  ]
  pruneopts = "UT"
  revision = "7087cb70de9f7a8bc0a10c375cb0d2280a8edf9c"
  version = "v0.5.1"

[[projects]]
  digest = "1:c0d19ab64b32ce9fe5cf4ddceba78d5bc9807f0016db6b1183599da3dcc24d10"
  name = "github.com/hashicorp/hcl"
  packages = [
    ".",
    "hcl/ast",
    "hcl/parser",
    "hcl/printer",
    "hcl/scanner",
    "hcl/strconv",
    "hcl/token",
    "json/parser",
    "json/scanner",
    "json/token",
  ]
  pruneopts = "UT"
  revision = "8cb6e5b959231cc1119e43259c4a608f9c51a241"
  version = "v1.0.0"

[[projects]]
  branch = "master"
  digest = "1:0778dc7fce1b4669a8bfa7ae506ec1f595b6ab0f8989c1c0d22a8ca1144e9972"
  name = "github.com/howeyc/gopass"
  packages = ["."]
  pruneopts = "UT"
  revision = "bf9dde6d0d2c004a008c27aaee91170c786f6db8"

[[projects]]
  branch = "master"
  digest = "1:59392ed8afb901aab4287d4894df8191722e34f3957716f4350c8c133ce99046"
  name = "github.com/hpcloud/tail"
  packages = [
    ".",
    "ratelimiter",
    "util",
    "watch",
    "winfile",
  ]
  pruneopts = "UT"
  revision = "a1dbeea552b7c8df4b542c66073e393de198a800"

[[projects]]
  digest = "1:c00cc6d95a674b4b923ac069d364445043bc67836e9bd8aeff8440cfbe6a2cc7"
  name = "github.com/huin/goupnp"
  packages = [
    ".",
    "dcps/internetgateway1",
    "dcps/internetgateway2",
    "httpu",
    "scpd",
    "soap",
    "ssdp",
  ]
  pruneopts = "UT"
  revision = "656e61dfadd241c7cbdd22a023fa81ecb6860ea8"
  version = "v1.0.0"

[[projects]]
  digest = "1:a0cefd27d12712af4b5018dc7046f245e1e3b5760e2e848c30b171b570708f9b"
  name = "github.com/imdario/mergo"
  packages = ["."]
  pruneopts = "UT"
  revision = "7c29201646fa3de8506f701213473dd407f19646"
  version = "v0.3.7"

[[projects]]
  digest = "1:870d441fe217b8e689d7949fef6e43efbc787e50f200cb1e70dbca9204a1d6be"
  name = "github.com/inconshreveable/mousetrap"
  packages = ["."]
  pruneopts = "UT"
  revision = "76626ae9c91c4f2a10f34cad8ce83ea42c93bb75"
  version = "v1.0"

[[projects]]
  digest = "1:ff780041e005869242b2cf977f1d4fa3b8f9bdd302fd254b4a19f78502a6ee10"
  name = "github.com/ipfs/go-cid"
  packages = ["."]
  pruneopts = "UT"
  revision = "e7e67e08cfba888a4297224402e12832bdc15ea0"
  version = "v0.0.1"

[[projects]]
  digest = "1:0b4439ae69776549e6489b261f66894a1390140dad53f1c3b1fbfc074478590d"
  name = "github.com/ipfs/go-ipfs-util"
  packages = ["."]
  pruneopts = "UT"
  revision = "a4bb5361e49427531f9a716ead2ce4bd9bdd7959"
  version = "v0.0.1"

[[projects]]
  digest = "1:e8c78569402b8dcf846924dea6eb27b1de135c9a53d7adbd2629250ef66c021a"
  name = "github.com/ipfs/go-log"
  packages = [
    ".",
    "tracer",
    "tracer/wire",
    "writer",
  ]
  pruneopts = "UT"
  revision = "91b837264c0f35dd4e2be341d711316b91d3573d"
  version = "v0.0.1"

[[projects]]
  digest = "1:b352ae8b1a77cc6b48fc8e314e34a522cfc76d6ca3a06c93b29c9cde5de6771e"
  name = "github.com/jackpal/gateway"
  packages = ["."]
  pruneopts = "UT"
  revision = "cbcf4e3f3baee7952fc386c8b2534af4d267c875"
  version = "v1.0.5"

[[projects]]
  digest = "1:32b82e71cf24f8b78323e0d7903c4b90278486283965aa2a19b1ea13763b8f34"
  name = "github.com/jackpal/go-nat-pmp"
  packages = ["."]
  pruneopts = "UT"
  revision = "c9cfead9f2a36ddf3daa40ba269aa7f4bbba6b62"
  version = "v1.0.1"

[[projects]]
  branch = "master"
  digest = "1:8f4aedc183dc8dfef9a7a1f1ba205dc87ecd2675eea350a736bda889e3bcf8ea"
  name = "github.com/jbenet/go-temp-err-catcher"
  packages = ["."]
  pruneopts = "UT"
  revision = "aac704a3f4f27190b4ccc05f303a4931fd1241ff"

[[projects]]
  branch = "master"
  digest = "1:a2a82ac6d7f2ab5966591f95612e3ecd9afed66051189e06876a29ed3744a3ea"
  name = "github.com/jbenet/goprocess"
  packages = [
    ".",
    "context",
    "periodic",
    "ratelimit",
  ]
  pruneopts = "UT"
  revision = "b497e2f366b8624394fb2e89c10ab607bebdde0b"

[[projects]]
  branch = "master"
  digest = "1:5c3444689562053b027ef3b96372e306adbe0d7d109b6cdd48d01eb80f8bab14"
  name = "github.com/jinzhu/copier"
  packages = ["."]
  pruneopts = "UT"
  revision = "7e38e58719c33e0d44d585c4ab477a30f8cb82dd"

[[projects]]
  digest = "1:ecd9aa82687cf31d1585d4ac61d0ba180e42e8a6182b85bd785fcca8dfeefc1b"
  name = "github.com/joho/godotenv"
  packages = ["."]
  pruneopts = "UT"
  revision = "23d116af351c84513e1946b527c88823e476be13"
  version = "v1.3.0"

[[projects]]
  digest = "1:31e761d97c76151dde79e9d28964a812c46efc5baee4085b86f68f0c654450de"
  name = "github.com/konsorten/go-windows-terminal-sequences"
  packages = ["."]
  pruneopts = "UT"
  revision = "f55edac94c9bbba5d6182a4be46d86a2c9b5b50e"
  version = "v1.0.2"

[[projects]]
  digest = "1:58ad79834dc097c36a857a8c325d646af0a8bbd73375a6958a639507c5399a61"
  name = "github.com/koron/go-ssdp"
  packages = ["."]
  pruneopts = "UT"
  revision = "6d1709049dead37ead37808479f88c9bffa2c4d6"
  version = "v0.1"

[[projects]]
  digest = "1:8f5579a88f14ca4029f38f7491f12f578e38d942d9343e63aaa68f14c31df053"
  name = "github.com/lestrrat-go/file-rotatelogs"
  packages = [
    ".",
    "internal/option",
  ]
  pruneopts = "UT"
  revision = "3b4f34a036f374c18d604e1b8006d9fbb9593c06"
  version = "v2.2.0"

[[projects]]
  branch = "master"
  digest = "1:8654122ef85f2bc03859b0a7ea2d36c9965888689cdac7640cceaa6edb11cff6"
  name = "github.com/lestrrat-go/strftime"
  packages = ["."]
  pruneopts = "UT"
  revision = "8b31f9c59b0feb56c456ce49a7b3d2b2e93a6f18"

[[projects]]
  digest = "1:483fcb9b21a758b47501f8880628b85aa3c4e99e33166867d06fa278965c66b2"
  name = "github.com/libp2p/go-addr-util"
  packages = ["."]
  pruneopts = "UT"
  revision = "4cd36c0f325f9e38f1e31ff7a10b9d94d53a11cf"
  version = "v0.0.1"

[[projects]]
  digest = "1:f9e8d1157f79aa5e81b34e0cdc7a6c99d6e44ad7a098f4e6869b8b83ef3d27bb"
  name = "github.com/libp2p/go-buffer-pool"
  packages = ["."]
  pruneopts = "UT"
  revision = "eecb57f6a721b4a66062ebeb61d1da7ce1c38fbf"
  version = "v0.0.1"

[[projects]]
  digest = "1:5810d7b1453ad0a085afc2afccbe88d606be67b8be1e12706158dbcbf95ae243"
  name = "github.com/libp2p/go-conn-security"
  packages = [
    ".",
    "insecure",
  ]
  pruneopts = "UT"
  revision = "80b6115ae32f104b2ed14d16a8551248f4599338"
  version = "v0.0.1"

[[projects]]
  digest = "1:9c14cac19ac8157c9cb89637da301f6b4994b93fd71da81e252940f6d0cf7332"
  name = "github.com/libp2p/go-conn-security-multistream"
  packages = ["."]
  pruneopts = "UT"
  revision = "d4c3bf7e5688390e4106d3ec73aafd7d0856143b"
  version = "v0.0.1"

[[projects]]
  digest = "1:83d3d59c84ff3da342ab63011d79750ccb987bda399eb64db3abd3e2fd32c18f"
  name = "github.com/libp2p/go-flow-metrics"
  packages = ["."]
  pruneopts = "UT"
  revision = "1f5b3acc846b2c8ce4c4e713296af74f5c24df55"
  version = "v0.0.1"

[[projects]]
  digest = "1:617c31a6e745e9c8daddae9df137e148db4188fcf68314ff81cf02e7fed8d313"
  name = "github.com/libp2p/go-libp2p"
  packages = [
    ".",
    "config",
    "p2p/host/basic",
    "p2p/host/relay",
    "p2p/host/routed",
    "p2p/protocol/identify",
    "p2p/protocol/identify/pb",
    "p2p/protocol/ping",
  ]
  pruneopts = "UT"
  revision = "e63ff38c3d274679753cf98846b247e06e9b9f5b"
  version = "v0.0.16"

[[projects]]
  digest = "1:7a9b53c8925819845e9ae47579cac5de87b66eddfc72988578f318504136a68c"
  name = "github.com/libp2p/go-libp2p-autonat"
  packages = [
    ".",
    "pb",
  ]
  pruneopts = "UT"
  revision = "c827b8ba68e6997431c27313efad33df19b5f6a3"
  version = "v0.0.4"

[[projects]]
  digest = "1:1289f34bbc72cfe59de1528e793e27c67a44a9597e1537ef03597abef8641f6e"
  name = "github.com/libp2p/go-libp2p-circuit"
  packages = [
    ".",
    "pb",
  ]
  pruneopts = "UT"
  revision = "d07cd5f739a7878121b10e54a8ead734f93e2ddf"
  version = "v0.0.4"

[[projects]]
  digest = "1:83915d6b4485f9ca8727ad9195d0881f1eeea4c9f286b0c0fb4b0757c21d1bc2"
  name = "github.com/libp2p/go-libp2p-crypto"
  packages = [
    ".",
    "pb",
  ]
  pruneopts = "UT"
  revision = "b0ed0e663e8b6832bad3f4502b2f6551ff2686cd"
  version = "v0.0.1"

[[projects]]
  digest = "1:c8e13ce10e73ffc2c59e11fd62d85a1e516e33af6521ed337d2e4777bc7605d8"
  name = "github.com/libp2p/go-libp2p-discovery"
  packages = ["."]
  pruneopts = "UT"
  revision = "4cb4193d603389a75bccd07336de74d54bea6b00"
  version = "v0.0.2"

[[projects]]
  digest = "1:1df10c788e75259f6ebae0612de30f0db09e690042b9db64551a188c6509cc8b"
  name = "github.com/libp2p/go-libp2p-host"
  packages = ["."]
  pruneopts = "UT"
  revision = "df61f890baee33effc62473e65c0ce481407181d"
  version = "v0.0.2"

[[projects]]
  digest = "1:bc58f4c83d59130bbef42bbd7ebb0d23ccd8cc9c1eecd63a57b5576f5f8effc2"
  name = "github.com/libp2p/go-libp2p-interface-connmgr"
  packages = ["."]
  pruneopts = "UT"
  revision = "e80dd2e9f839e44febfcb7e6b38ded8761332eb6"
  version = "v0.0.3"

[[projects]]
  digest = "1:065f0484575f052b79972215142bb50ac634c5282bf85692192fc1dfc8752b8b"
  name = "github.com/libp2p/go-libp2p-interface-pnet"
  packages = ["."]
  pruneopts = "UT"
  revision = "b02026130a4daafb8001e039e116121cb92ae1a9"
  version = "v0.0.1"

[[projects]]
  digest = "1:401eaa568a08603ebcccd833d0d69c2ac1abe153f1260f7a82375c3a455c7223"
  name = "github.com/libp2p/go-libp2p-loggables"
  packages = ["."]
  pruneopts = "UT"
  revision = "332c68ea465a3353571377635eb0fc257a0c38c4"
  version = "v0.0.1"

[[projects]]
  digest = "1:09deed1e61077096d762c465c8cb6bd6f75a89729e27de6b3880feb455ba6358"
  name = "github.com/libp2p/go-libp2p-metrics"
  packages = ["."]
  pruneopts = "UT"
  revision = "f7021db7729eb519a86ec6a90b5b476e6072f6f7"
  version = "v0.0.1"

[[projects]]
  digest = "1:4614c7d351b9cc24ef6457107fad9830664615bb7d7de91de10c4a4ab1919545"
  name = "github.com/libp2p/go-libp2p-nat"
  packages = ["."]
  pruneopts = "UT"
  revision = "c50c291a61bceccb914366d93eb24f58594e9134"
  version = "v0.0.4"

[[projects]]
  digest = "1:a87f13baa72a09a5d6fea78e3a1af82f2bc1f0637a4eb4304c5cba765720ccd3"
  name = "github.com/libp2p/go-libp2p-net"
  packages = ["."]
  pruneopts = "UT"
  revision = "e1b54a3fd69634603ac02b34e4eefcf5aca50ed9"
  version = "v0.0.2"

[[projects]]
  digest = "1:5b3140f8ec492cfa868f3e9fe320f10c7788bd35bbbcd002b32c410c988a3fe6"
  name = "github.com/libp2p/go-libp2p-peer"
  packages = ["."]
  pruneopts = "UT"
  revision = "96d6d7940e6fc555240a92d1b4615049cd451da2"
  version = "v0.1.0"

[[projects]]
  digest = "1:c9f8d6bb652f7e6a47b1951cd79f8b13f24eb7c3896bf45bdb510cc7863bec71"
  name = "github.com/libp2p/go-libp2p-peerstore"
  packages = [
    ".",
    "addr",
    "pstoremem",
  ]
  pruneopts = "UT"
  revision = "b496ee543347a9c724e02ff7102da9d78c8acbee"
  version = "v0.0.3"

[[projects]]
  digest = "1:861a4351f79c9e2bca75407d8801b55da0526feec15ec98b433c2f800ad1f393"
  name = "github.com/libp2p/go-libp2p-protocol"
  packages = ["."]
  pruneopts = "UT"
  revision = "c170ad966a647835bda0cbe4dc710cf9f94949b6"
  version = "v0.0.1"

[[projects]]
  digest = "1:b8a054611838e93f9be110353e3bffd85edfc91b58acccdd8a1c9b5840fbf5b8"
  name = "github.com/libp2p/go-libp2p-routing"
  packages = [
    ".",
    "options",
  ]
  pruneopts = "UT"
  revision = "ab366780f22ac0d2625105a9f6d3cace1817dd30"
  version = "v0.0.1"

[[projects]]
  digest = "1:6a12f20cd4c7260f211f096aa70234150d930514070d73ccaa46dd17ed2fbbc1"
  name = "github.com/libp2p/go-libp2p-secio"
  packages = [
    ".",
    "pb",
  ]
  pruneopts = "UT"
  revision = "b5b0ccd501582b3aec0a8076e9009c4c69f075b6"
  version = "v0.0.2"

[[projects]]
  digest = "1:13bb1cd21375488f6a49134b261439974e8105d04eb84e396c9c86248e0f4d97"
  name = "github.com/libp2p/go-libp2p-swarm"
  packages = ["."]
  pruneopts = "UT"
  revision = "51da4b6c9c2e869dce87a455a7c788d7181711c7"
  version = "v0.0.2"

[[projects]]
  digest = "1:3b26a897674c84976f9ee6d93d91d0fc503a4aada9c6b7a69b5ed4752452d035"
  name = "github.com/libp2p/go-libp2p-transport"
  packages = ["."]
  pruneopts = "UT"
  revision = "760cba29c65701ce7b688f238f6c93cc1d899dde"
  version = "v0.0.4"

[[projects]]
  digest = "1:9e59f3adcbbffe3fd2333843bb3d944e5b42791d86dfdbef67673fb9a1d0bce1"
  name = "github.com/libp2p/go-libp2p-transport-upgrader"
  packages = ["."]
  pruneopts = "UT"
  revision = "b4ab689796cdae99ad6641abcedcd7c23258de0c"
  version = "v0.0.1"

[[projects]]
  digest = "1:56b76ab784de08c03549ce824b2f103390c744016cf22c7d3cacd7f4abb26e54"
  name = "github.com/libp2p/go-maddr-filter"
  packages = ["."]
  pruneopts = "UT"
  revision = "1258bb7e3e3a37bb9a93aaf77ef88f8405b39bce"
  version = "v0.0.1"

[[projects]]
  digest = "1:dca7a0779bc8c3052ff1760928da7fab1d6bdaa568de55c175cb96c83a6d20c4"
  name = "github.com/libp2p/go-mplex"
  packages = ["."]
  pruneopts = "UT"
  revision = "b16006283f6036f9a461f78692c397b134a75393"
  version = "v0.0.1"

[[projects]]
  digest = "1:fec6c720509c1682df4e297899d23951d1b3ad3bcc124ecf734af34053a18982"
  name = "github.com/libp2p/go-msgio"
  packages = ["."]
  pruneopts = "UT"
  revision = "b47fa43a3e8e2b96e34854e4a25b2b0988322621"
  version = "v0.0.2"

[[projects]]
  digest = "1:82e0411449d8af0c34e200cd6b90e70689d692d17f836906194fa9fc28692e80"
  name = "github.com/libp2p/go-nat"
  packages = ["."]
  pruneopts = "UT"
  revision = "d13fdefb3bbb2fde2c6fc090a7ea992cec8b26df"
  version = "v0.0.3"

[[projects]]
  digest = "1:3218d9edf75d814d2994ce4b14fae01c657a3284af84522efcc8dee89806f4ca"
  name = "github.com/libp2p/go-reuseport"
  packages = ["."]
  pruneopts = "UT"
  revision = "3e6d618acfdfacbbeff71cb2bd70fc188f897a0f"
  version = "v0.0.1"

[[projects]]
  digest = "1:bf12fbd51fb864c9e2cb688581d3c14551a8c3d1c2fa60c9ad405c532e1b9d42"
  name = "github.com/libp2p/go-reuseport-transport"
  packages = ["."]
  pruneopts = "UT"
  revision = "c7583c88df654a2ecd621e863f661783d79b64d1"
  version = "v0.0.2"

[[projects]]
  digest = "1:28994f656f7bd53b2f506641d72878250583051bd86477ab8129c613c8437ee3"
  name = "github.com/libp2p/go-stream-muxer"
  packages = ["."]
  pruneopts = "UT"
  revision = "96b8d4dc6b2577782a7c6c33776c115e3d2eacf6"
  version = "v0.0.1"

[[projects]]
  digest = "1:32b1b70c98be85d88229af2ba0cceb9954e7ef88c3f7e90f95a8ea2deb32c0d3"
  name = "github.com/libp2p/go-tcp-transport"
  packages = ["."]
  pruneopts = "UT"
  revision = "42717ef323c6cd024d3196d18bc1b7657c453d6d"
  version = "v0.0.2"

[[projects]]
  digest = "1:fe4581341f14aba2ef06749c5f2fc6483d4354b25e3c6e0094a4135082a22ed2"
  name = "github.com/libp2p/go-ws-transport"
  packages = ["."]
  pruneopts = "UT"
  revision = "93daaa611babb322b314d33c6c6ad26298f55f56"
  version = "v0.0.2"

[[projects]]
  digest = "1:c568d7727aa262c32bdf8a3f7db83614f7af0ed661474b24588de635c20024c7"
  name = "github.com/magiconair/properties"
  packages = ["."]
  pruneopts = "UT"
  revision = "c2353362d570a7bfa228149c62842019201cfb71"
  version = "v1.8.0"

[[projects]]
  digest = "1:c658e84ad3916da105a761660dcaeb01e63416c8ec7bc62256a9b411a05fcd67"
  name = "github.com/mattn/go-colorable"
  packages = ["."]
  pruneopts = "UT"
  revision = "167de6bfdfba052fa6b2d3664c8f5272e23c9072"
  version = "v0.0.9"

[[projects]]
  digest = "1:e150b5fafbd7607e2d638e4e5cf43aa4100124e5593385147b0a74e2733d8b0d"
  name = "github.com/mattn/go-isatty"
  packages = ["."]
  pruneopts = "UT"
  revision = "c2a7a6ca930a4cd0bc33a3f298eb71960732a3a7"
  version = "v0.0.7"

[[projects]]
  branch = "master"
  digest = "1:5e6d66b03ec2df7ce14d19ad75f35d189ae56d5169813fb20eca4d076d81d37e"
  name = "github.com/mattn/go-runewidth"
  packages = ["."]
  pruneopts = "UT"
  revision = "703b5e6b11ae25aeb2af9ebb5d5fdf8fa2575211"

[[projects]]
  branch = "master"
  digest = "1:4fa97af38aa273fb4720c7037e6a57622a830e5a0cdb0911e34d4ac4f79e9e8e"
  name = "github.com/mattn/go-tty"
  packages = ["."]
  pruneopts = "UT"
  revision = "a87bf4b22d6e85ea155801fa9fd1d9f2b22cbb13"

[[projects]]
  branch = "master"
  digest = "1:130cefe87d7eeefc824978dcb78e35672d4c49a11f25c153fbf0cfd952756fa3"
  name = "github.com/minio/blake2b-simd"
  packages = ["."]
  pruneopts = "UT"
  revision = "3f5f724cb5b182a5c278d6d3d55b40e7f8c2efb4"

[[projects]]
  branch = "master"
  digest = "1:d69117243f58a0d320c2889872d8c14d323d865277dc49fc85bfcf48b2846b8f"
  name = "github.com/minio/sha256-simd"
  packages = ["."]
  pruneopts = "UT"
  revision = "05b4dd3047e5d6e86cb4e0477164b850cd896261"

[[projects]]
  digest = "1:5d231480e1c64a726869bc4142d270184c419749d34f167646baa21008eb0a79"
  name = "github.com/mitchellh/go-homedir"
  packages = ["."]
  pruneopts = "UT"
  revision = "af06845cf3004701891bf4fdb884bfe4920b3727"
  version = "v1.1.0"

[[projects]]
  digest = "1:53bc4cd4914cd7cd52139990d5170d6dc99067ae31c56530621b18b35fc30318"
  name = "github.com/mitchellh/mapstructure"
  packages = ["."]
  pruneopts = "UT"
  revision = "3536a929edddb9a5b34bd6861dc4a9647cb459fe"
  version = "v1.1.2"

[[projects]]
  digest = "1:cf5b7fbff2c87cff6c0e11f87b30edc21abc6592e6a76f41003ca6d5a712cf48"
  name = "github.com/mr-tron/base58"
  packages = ["base58"]
  pruneopts = "UT"
  revision = "6598572f05537592acb5a609ff53c4c7fbba7a3e"
  version = "v1.1.1"

[[projects]]
  digest = "1:b9fe622bbadbb060338620752b1cb3aa1473855071195ebe83813af5ebb3629b"
  name = "github.com/multiformats/go-base32"
  packages = ["."]
  pruneopts = "UT"
  revision = "a9c2755c3d1672dbe6a7e4a5d182169fa30b6a8e"
  version = "v0.0.3"

[[projects]]
  digest = "1:4fb02614401f3511d3c76482b6bc626a307811d53df34610ce5ded5ad83fa05d"
  name = "github.com/multiformats/go-multiaddr"
  packages = ["."]
  pruneopts = "UT"
  revision = "ce21123d5172669bbf37a166078bc5f9d345ec2f"
  version = "v0.0.2"

[[projects]]
  digest = "1:e7b7007612b49b368d5b505b624b399a1de5fe2764271b92145aa9ca0440ab4e"
  name = "github.com/multiformats/go-multiaddr-dns"
  packages = ["."]
  pruneopts = "UT"
  revision = "e7c544d7a325c57bdbd7e9ba9c035a6701c5c7d2"
  version = "v0.0.2"

[[projects]]
  digest = "1:ccb950e76138c70abe765c3b9c0e6cad0e55fc66ff53318cea8b651df9f892c7"
  name = "github.com/multiformats/go-multiaddr-net"
  packages = ["."]
  pruneopts = "UT"
  revision = "bd61b0499a3cfc893a8eb109c5669342b1671881"
  version = "v0.0.1"

[[projects]]
  digest = "1:8f2a32f6d211bf2685d5c47ace5d6b59bd4359f69e92b632793d066129a65c4e"
  name = "github.com/multiformats/go-multibase"
  packages = ["."]
  pruneopts = "UT"
  revision = "d63641945dc1749baa23686ad0564ad63fef0493"
  version = "v0.0.1"

[[projects]]
  digest = "1:02f7db2f26eb72c0771e11d8473c84db7f5ab7ee15d1729670fd0051b46a6c01"
  name = "github.com/multiformats/go-multihash"
  packages = ["."]
  pruneopts = "UT"
  revision = "c242156eec223a58ac13b8c114a2b31e87bbf558"
  version = "v0.0.5"

[[projects]]
  digest = "1:894daf10008cdef37454571b584832b2a281a5709f6b80d7bd440ff3a627c962"
  name = "github.com/multiformats/go-multistream"
  packages = ["."]
  pruneopts = "UT"
  revision = "f3f44044ac2444cd3a017c0b269f8da65b0012f1"
  version = "v0.0.1"

[[projects]]
  branch = "master"
  digest = "1:23b2da3b06d3df8ac1992cbfaba9d57a7efb41438372a83f6f3912483aa712cf"
  name = "github.com/ncodes/authtoken"
  packages = ["."]
  pruneopts = "UT"
  revision = "c0c89a690e30fc4e7ddd4a4a6001e4a032dcc959"

[[projects]]
  branch = "master"
  digest = "1:0bc83661c08d37ec8898b9c998f6107a47209e36a3a190a725d74f90c54cd816"
  name = "github.com/ncodes/go-prettyjson"
  packages = ["."]
  pruneopts = "UT"
  revision = "d229c224a219dcf41e9d2af4684b9782f33f5eb7"

[[projects]]
  branch = "master"
  digest = "1:e7d61f626291833d1a5ba054c86b0339c13a9a494360cf8ab8cf91c669eab631"
  name = "github.com/ncodes/whereami"
  packages = ["."]
  pruneopts = "UT"
  revision = "aebf70d4a772ea20216cfe6c428f439cb47cfaf2"

[[projects]]
  branch = "master"
  digest = "1:06dbb3dd9104b854479546944f509a15abbfa0664bd4acbb428a10f53f3acb9b"
  name = "github.com/olebedev/emitter"
  packages = ["."]
  pruneopts = "UT"
  revision = "e8d1457e6aee6368f6abda5ad334fde63e9cc3fa"

[[projects]]
  digest = "1:e9c3bb68a6c9470302b8046d4647e0612a2ea6037b9c6a47de60c0a90db504f8"
  name = "github.com/onsi/ginkgo"
  packages = [
    ".",
    "config",
    "internal/codelocation",
    "internal/containernode",
    "internal/failer",
    "internal/leafnodes",
    "internal/remote",
    "internal/spec",
    "internal/spec_iterator",
    "internal/specrunner",
    "internal/suite",
    "internal/testingtproxy",
    "internal/writer",
    "reporters",
    "reporters/stenographer",
    "reporters/stenographer/support/go-colorable",
    "reporters/stenographer/support/go-isatty",
    "types",
  ]
  pruneopts = "UT"
  revision = "eea6ad008b96acdaa524f5b409513bf062b500ad"
  version = "v1.8.0"

[[projects]]
  digest = "1:fe167e8f858cbfc10c721f2000f2446140800bb53fa83c088e03d191275611a4"
  name = "github.com/onsi/gomega"
  packages = [
    ".",
    "format",
    "internal/assertion",
    "internal/asyncassertion",
    "internal/oraclematcher",
    "internal/testingtsupport",
    "matchers",
    "matchers/support/goraph/bipartitegraph",
    "matchers/support/goraph/edge",
    "matchers/support/goraph/node",
    "matchers/support/goraph/util",
    "types",
  ]
  pruneopts = "UT"
  revision = "90e289841c1ed79b7a598a7cd9959750cb5e89e2"
  version = "v1.5.0"

[[projects]]
  digest = "1:11e62d6050198055e6cd87ed57e5d8c669e84f839c16e16f192374d913d1a70d"
  name = "github.com/opentracing/opentracing-go"
  packages = [
    ".",
    "ext",
    "log",
  ]
  pruneopts = "UT"
  revision = "659c90643e714681897ec2521c60567dd21da733"
  version = "v1.1.0"

[[projects]]
  digest = "1:e0f50a07c0def90588d69f77178712c6fdc67eb6576365f551cce98b44b501bf"
  name = "github.com/pelletier/go-toml"
  packages = ["."]
  pruneopts = "UT"
  revision = "63909f0a90ab0f36909e8e044e46ace10cf13ba2"
  version = "v1.3.0"

[[projects]]
  digest = "1:7413525ee648f20b4181be7fe8103d0cb98be9e141926a03ee082dc207061e4e"
  name = "github.com/phayes/freeport"
  packages = ["."]
  pruneopts = "UT"
  revision = "b8543db493a5ed890c5499e935e2cad7504f3a04"
  version = "1.0.2"

[[projects]]
  digest = "1:cf31692c14422fa27c83a05292eb5cbe0fb2775972e8f1f8446a71549bd8980b"
  name = "github.com/pkg/errors"
  packages = ["."]
  pruneopts = "UT"
  revision = "ba968bfe8b2f7e042a574c888954fccecfa385b4"
  version = "v0.8.1"

[[projects]]
  digest = "1:447ab23604df9681aabfc6e48dbded59cb933b6eb4224e64d9d037318534b1bd"
  name = "github.com/pkg/profile"
  packages = ["."]
  pruneopts = "UT"
  revision = "f6fe06335df110bcf1ed6d4e852b760bfc15beee"
  version = "v1.3.0"

[[projects]]
  branch = "master"
  digest = "1:fcb0de0dfbff6314fa0eb3672942d86054a713922b7c1bb0a690f59e6fe1ae3c"
  name = "github.com/pkg/term"
  packages = ["termios"]
  pruneopts = "UT"
  revision = "aa71e9d9e942418fbb97d80895dcea70efed297c"

[[projects]]
  digest = "1:1a23fdd843129ef761ffe7651bc5fe7c5b09fbe933e92783ab06cc11c37b7b37"
  name = "github.com/rifflock/lfshook"
  packages = ["."]
  pruneopts = "UT"
  revision = "b9218ef580f59a2e72dad1aa33d660150445d05a"
  version = "v2.4"

[[projects]]
  branch = "master"
  digest = "1:dbfe572cc258e5bcf54cb650a06d90edd0da04e42ca1ed909cc1d49f00011c63"
  name = "github.com/robertkrimen/otto"
  packages = [
    ".",
    "ast",
    "dbg",
    "file",
    "parser",
    "registry",
    "token",
  ]
  pruneopts = "UT"
  revision = "15f95af6e78dcd2030d8195a138bd88d4f403546"

[[projects]]
  digest = "1:e09ada96a5a41deda4748b1659cc8953961799e798aea557257b56baee4ecaf3"
  name = "github.com/rogpeppe/go-internal"
  packages = [
    "modfile",
    "module",
    "semver",
  ]
  pruneopts = "UT"
  revision = "438578804ca6f31be148c27683afc419ce47c06e"
  version = "v1.3.0"

[[projects]]
  digest = "1:81e02c4edb639c80559c0650f9401d3e2dcc3256d1fa215382bb7c83c1db9126"
  name = "github.com/shopspring/decimal"
  packages = ["."]
  pruneopts = "UT"
  revision = "cd690d0c9e2447b1ef2a129a6b7b49077da89b8e"
  version = "1.1.0"

[[projects]]
  digest = "1:fd61cf4ae1953d55df708acb6b91492d538f49c305b364a014049914495db426"
  name = "github.com/sirupsen/logrus"
  packages = ["."]
  pruneopts = "UT"
  revision = "8bdbc7bcc01dcbb8ec23dc8a28e332258d25251f"
  version = "v1.4.1"

[[projects]]
  digest = "1:919bb3aa6d9d0b67648c219fa4925312bc3c2872da19e818fa769e9c97a2b643"
  name = "github.com/spaolacci/murmur3"
  packages = ["."]
  pruneopts = "UT"
  revision = "9f5d223c60793748f04a9d5b4b4eacddfc1f755d"
  version = "v1.1"

[[projects]]
  digest = "1:bb495ec276ab82d3dd08504bbc0594a65de8c3b22c6f2aaa92d05b73fbf3a82e"
  name = "github.com/spf13/afero"
  packages = [
    ".",
    "mem",
  ]
  pruneopts = "UT"
  revision = "588a75ec4f32903aa5e39a2619ba6a4631e28424"
  version = "v1.2.2"

[[projects]]
  digest = "1:08d65904057412fc0270fc4812a1c90c594186819243160dc779a402d4b6d0bc"
  name = "github.com/spf13/cast"
  packages = ["."]
  pruneopts = "UT"
  revision = "8c9545af88b134710ab1cd196795e7f2388358d7"
  version = "v1.3.0"

[[projects]]
  digest = "1:645cabccbb4fa8aab25a956cbcbdf6a6845ca736b2c64e197ca7cbb9d210b939"
  name = "github.com/spf13/cobra"
  packages = ["."]
  pruneopts = "UT"
  revision = "ef82de70bb3f60c65fb8eebacbb2d122ef517385"
  version = "v0.0.3"

[[projects]]
  digest = "1:1b753ec16506f5864d26a28b43703c58831255059644351bbcb019b843950900"
  name = "github.com/spf13/jwalterweatherman"
  packages = ["."]
  pruneopts = "UT"
  revision = "94f6ae3ed3bceceafa716478c5fbf8d29ca601a1"
  version = "v1.1.0"

[[projects]]
  digest = "1:c1b1102241e7f645bc8e0c22ae352e8f0dc6484b6cb4d132fa9f24174e0119e2"
  name = "github.com/spf13/pflag"
  packages = ["."]
  pruneopts = "UT"
  revision = "298182f68c66c05229eb03ac171abe6e309ee79a"
  version = "v1.0.3"

[[projects]]
  digest = "1:1b773526998f3dbde3a51a4a5881680c4d237d3600f570d900f97ac93c7ba0a8"
  name = "github.com/spf13/viper"
  packages = ["."]
  pruneopts = "UT"
  revision = "9e56dacc08fbbf8c9ee2dbc717553c758ce42bc9"
  version = "v1.3.2"

[[projects]]
  digest = "1:5b180f17d5bc50b765f4dcf0d126c72979531cbbd7f7929bf3edd87fb801ea2d"
  name = "github.com/syndtr/goleveldb"
  packages = [
    "leveldb",
    "leveldb/cache",
    "leveldb/comparer",
    "leveldb/errors",
    "leveldb/filter",
    "leveldb/iterator",
    "leveldb/journal",
    "leveldb/memdb",
    "leveldb/opt",
    "leveldb/storage",
    "leveldb/table",
    "leveldb/util",
  ]
  pruneopts = "UT"
  revision = "9d007e481048296f09f59bd19bb7ae584563cd95"
  version = "v1.0.0"

[[projects]]
  digest = "1:68a7cb5028bb8bd8efa388a7eaee577f2535c99209df851afb4b49c102316cf2"
  name = "github.com/thoas/go-funk"
  packages = ["."]
  pruneopts = "UT"
  revision = "c43409e2d5def27be9b081e316441108def35c8d"
  version = "v0.4.0"

[[projects]]
  digest = "1:8f9017baaaca37682b06d9f48a292bbeb0ea40c7807343628fd81b595f5a1f93"
  name = "github.com/vmihailenco/msgpack"
  packages = [
    ".",
    "codes",
  ]
  pruneopts = "UT"
  revision = "b5e691b1eb52a28c05e67ab9df303626c095c23b"
  version = "v3.3.3"

[[projects]]
  branch = "master"
  digest = "1:0102dfa2f98777db8ff68c920bef1be3ff8504e90485b6cdd24d61b981b487b6"
  name = "github.com/whyrusleeping/go-logging"
  packages = ["."]
  pruneopts = "UT"
  revision = "0457bb6b88fc1973573aaf6b5145d8d3ae972390"

[[projects]]
  branch = "master"
  digest = "1:94796f9decedb46b17985693cbe996ce3642a991f0efcf7bf9a6c5197da3eefc"
  name = "github.com/whyrusleeping/go-notifier"
  packages = ["."]
  pruneopts = "UT"
  revision = "097c5d47330ff6a823f67e3515faa13566a62c6f"

[[projects]]
  digest = "1:1c5b129f012e176d9cbcb173c67fef17698a2d0a8169e94c8db9e7beeb3ef716"
  name = "github.com/whyrusleeping/go-smux-multiplex"
  packages = ["."]
  pruneopts = "UT"
  revision = "2b855d4f3a3051b0133f7783bffe06e4b7833d1e"
  version = "v3.0.16"

[[projects]]
  digest = "1:262e85ef9e2082fcb44335f6349699d61d5ac3672d24dcf3bf4cbc7377b51e96"
  name = "github.com/whyrusleeping/go-smux-multistream"
  packages = ["."]
  pruneopts = "UT"
  revision = "e799b10bc6eea2cc5ce18f7b7b4d8e1a0439476d"
  version = "v2.0.2"

[[projects]]
  digest = "1:f1026ff0b15a5282885d6709582eba8d2faf261ffff4bac6960a8e97a4f6dfd5"
  name = "github.com/whyrusleeping/go-smux-yamux"
  packages = ["."]
  pruneopts = "UT"
  revision = "902adacdc02ba8fca64a0d0985576a1dc3138ee5"
  version = "v2.0.9"

[[projects]]
  digest = "1:6c96967502c55c555abfe560f561a124951345e713a8e87cc6e2c214976e6e75"
  name = "github.com/whyrusleeping/mafmt"
  packages = ["."]
  pruneopts = "UT"
  revision = "7aa7fad2ede4e7157818e3e7af5061f866a9ae23"
  version = "v1.2.8"

[[projects]]
  branch = "master"
  digest = "1:94b933c1b26f1da25d25a089937d15987170a0a54109aa521a111345c3e84581"
  name = "github.com/whyrusleeping/multiaddr-filter"
  packages = ["."]
  pruneopts = "UT"
  revision = "e903e4adabd70b78bc9293b6ee4f359afb3f9f59"

[[projects]]
  digest = "1:1f186490a9ec1359604f041997996fb0caa98878bd53cdf0b89b6b6ec6803af9"
  name = "github.com/whyrusleeping/yamux"
  packages = ["."]
  pruneopts = "UT"
  revision = "5364a42fe4b5efa5967c11c8f9b0f049cac0c4a9"
  version = "v1.1.5"

[[projects]]
  branch = "master"
  digest = "1:92aa95315bfd15dfc2b45486b74a8960de7a0a00ac516ab147beb843178f961a"
  name = "golang.org/x/crypto"
  packages = [
    "blake2b",
    "blake2s",
    "blowfish",
    "ed25519",
    "ed25519/internal/edwards25519",
    "pbkdf2",
    "ripemd160",
    "scrypt",
    "sha3",
    "ssh/terminal",
  ]
  pruneopts = "UT"
  revision = "d864b10871cd4370fe574816b489c819c675ccc7"

[[projects]]
  branch = "master"
  digest = "1:c8b9025fddbd28851e72fa94905c499fabb7d324c40c18e96f4016469aaa5165"
  name = "golang.org/x/net"
  packages = [
    "bpf",
    "context",
    "html",
    "html/atom",
    "html/charset",
    "internal/iana",
    "internal/socket",
    "ipv4",
  ]
  pruneopts = "UT"
  revision = "afe8014c977f78fe2406743d9d32c8bd44d0542b"

[[projects]]
  branch = "master"
  digest = "1:45c0985630ebeafc0dba3e5fad8ae79ac344250a0d3517da4abcf7bc25a162b6"
  name = "golang.org/x/sys"
  packages = [
    "cpu",
    "unix",
    "windows",
  ]
  pruneopts = "UT"
  revision = "953cdadca894cdc07be76fc99f95b40c28f06623"

[[projects]]
  digest = "1:4392fcf42d5cf0e3ff78c96b2acf8223d49e4fdc53eb77c99d2f8dfe4680e006"
  name = "golang.org/x/text"
  packages = [
    "encoding",
    "encoding/charmap",
    "encoding/htmlindex",
    "encoding/internal",
    "encoding/internal/identifier",
    "encoding/japanese",
    "encoding/korean",
    "encoding/simplifiedchinese",
    "encoding/traditionalchinese",
    "encoding/unicode",
    "internal/gen",
    "internal/tag",
    "internal/triegen",
    "internal/ucd",
    "internal/utf8internal",
    "language",
    "runes",
    "transform",
    "unicode/cldr",
    "unicode/norm",
  ]
  pruneopts = "UT"
  revision = "f21a4dfb5e38f5895301dc265a8def02365cc3d0"
  version = "v0.3.0"

[[projects]]
  digest = "1:f5b35141aaa32649e375fa72052f81c99808e2a58c77602948d82b06570a4f41"
  name = "google.golang.org/appengine"
  packages = [
    ".",
    "datastore",
    "internal",
    "internal/app_identity",
    "internal/base",
    "internal/datastore",
    "internal/log",
    "internal/modules",
    "internal/remote_api",
  ]
  pruneopts = "UT"
  revision = "54a98f90d1c46b7731eb8fb305d2a321c30ef610"
  version = "v1.5.0"

[[projects]]
  digest = "1:311ccee815cbad2b98ab1f1f3f666db6f7f9d5e425cfd99197f6e925d3907848"
  name = "gopkg.in/asaskevich/govalidator.v4"
  packages = ["."]
  pruneopts = "UT"
  revision = "7664702784775e51966f0885f5cd27435916517b"
  version = "v4"

[[projects]]
  digest = "1:abeb38ade3f32a92943e5be54f55ed6d6e3b6602761d74b4aab4c9dd45c18abd"
  name = "gopkg.in/fsnotify/fsnotify.v1"
  packages = ["."]
  pruneopts = "UT"
  revision = "c2828203cd70a50dcccfb2761f8b1f8ceef9a8e9"
  version = "v1.4.7"

[[projects]]
  digest = "1:02f8be9dbbd3a183068cf23cceb266574ebce4b08fd56fc04f85ace40e7f144a"
  name = "gopkg.in/oleiade/lane.v1"
  packages = ["."]
  pruneopts = "UT"
  revision = "28f7c3f09254f12b51e620fa4db136ba58804762"
  version = "v1.0.0"

[[projects]]
  digest = "1:9935525a8c49b8434a0b0a54e1980e94a6fae73aaff45c5d33ba8dff69de123e"
  name = "gopkg.in/sourcemap.v1"
  packages = [
    ".",
    "base64vlq",
  ]
  pruneopts = "UT"
  revision = "6e83acea0053641eff084973fee085f0c193c61a"
  version = "v1.0.5"

[[projects]]
  digest = "1:3c839a777de0e6da035c9de900b60cbec463b0a89351192c1ea083eaf9e0fce0"
  name = "gopkg.in/tomb.v1"
  packages = ["."]
  pruneopts = "UT"
  revision = "c131134a1947e9afd9cecfe11f4c6dff0732ae58"

[[projects]]
  digest = "1:4d2e5a73dc1500038e504a8d78b986630e3626dc027bc030ba5c75da257cdb96"
  name = "gopkg.in/yaml.v2"
  packages = ["."]
  pruneopts = "UT"
  revision = "51d6538a90f86fe93ac480b35f37b2be17fef232"
  version = "v2.2.2"

[solve-meta]
  analyzer-name = "dep"
  analyzer-version = 1
  input-imports = [
    "github.com/btcsuite/btcutil/base58",
    "github.com/c-bata/go-prompt",
    "github.com/dgrijalva/jwt-go",
    "github.com/dustin/go-humanize",
    "github.com/dustinkirkland/golang-petname",
    "github.com/ellcrys/go-ethereum/crypto/sha3",
    "github.com/ellcrys/go-ethereum/log",
    "github.com/ellcrys/go-prompt",
    "github.com/ellcrys/merkletree",
    "github.com/fatih/color",
    "github.com/fatih/structs",
    "github.com/go-ozzo/ozzo-validation",
    "github.com/gobuffalo/packr",
    "github.com/gogo/protobuf/proto",
    "github.com/golang/mock/gomock",
    "github.com/gorilla/mux",
    "github.com/gorilla/rpc/v2",
    "github.com/gorilla/rpc/v2/json2",
    "github.com/hashicorp/golang-lru",
    "github.com/imdario/mergo",
    "github.com/jinzhu/copier",
    "github.com/lestrrat-go/file-rotatelogs",
    "github.com/libp2p/go-libp2p",
    "github.com/libp2p/go-libp2p-crypto",
    "github.com/libp2p/go-libp2p-crypto/pb",
    "github.com/libp2p/go-libp2p-host",
    "github.com/libp2p/go-libp2p-net",
    "github.com/libp2p/go-libp2p-peer",
    "github.com/libp2p/go-libp2p-peerstore",
    "github.com/libp2p/go-libp2p-protocol",
    "github.com/mitchellh/go-homedir",
    "github.com/mitchellh/mapstructure",
    "github.com/multiformats/go-multiaddr",
    "github.com/ncodes/authtoken",
    "github.com/ncodes/go-prettyjson",
    "github.com/ncodes/whereami",
    "github.com/olebedev/emitter",
    "github.com/onsi/ginkgo",
    "github.com/onsi/gomega",
    "github.com/phayes/freeport",
    "github.com/pkg/profile",
    "github.com/rifflock/lfshook",
    "github.com/robertkrimen/otto",
    "github.com/shopspring/decimal",
    "github.com/sirupsen/logrus",
    "github.com/spf13/cobra",
    "github.com/spf13/viper",
    "github.com/syndtr/goleveldb/leveldb",
    "github.com/syndtr/goleveldb/leveldb/errors",
    "github.com/syndtr/goleveldb/leveldb/filter",
    "github.com/syndtr/goleveldb/leveldb/iterator",
    "github.com/syndtr/goleveldb/leveldb/opt",
    "github.com/syndtr/goleveldb/leveldb/util",
    "github.com/thoas/go-funk",
    "github.com/vmihailenco/msgpack",
    "golang.org/x/crypto/blake2b",
    "golang.org/x/crypto/ripemd160",
    "golang.org/x/crypto/scrypt",
    "gopkg.in/asaskevich/govalidator.v4",
    "gopkg.in/oleiade/lane.v1",
  ]
  solver-name = "gps-cdcl"
  solver-version = 1
