hash: ea0c3a8cbd0dd8555aeec479323b8d1e584151d8c226184f346ecb342eb65346
updated: 2018-06-03T15:46:14.461791+01:00
imports:
- name: github.com/ellcrys/go.stub
  version: 5e025a1d311d45220d3d1ff0abdb996214143adb
- name: github.com/googollee/go-engine.io
  version: 80ae0e43aca17b4c5a6834999d0f2eaa16b9afda
  subpackages:
  - message
  - parser
  - polling
  - transport
  - websocket
- name: github.com/googollee/go-socket.io
  version: 970a1286d096d33129776082dfa89b35970e00c2
- name: github.com/gorilla/websocket
  version: 21ab95fa12b9bdd8fecf5fa3586aad941cc98785
testImports: []
